
Microsoft Visual Studio Solution File, Format Version 12.00
# Visual Studio Version 17
VisualStudioVersion = 17.6.33815.320
MinimumVisualStudioVersion = 10.0.40219.1
Project("{FAE04EC0-301F-11D3-BF4B-00C04F79EFBC}") = "JMWebAPI", "JMWebAPI.csproj", "{B9E76C39-46BA-4A96-ABA6-4663DAA1C0D7}"
EndProject
Global
	GlobalSection(SolutionConfigurationPlatforms) = preSolution
		Debug|Any CPU = Debug|Any CPU
		Release|Any CPU = Release|Any CPU
	EndGlobalSection
	GlobalSection(ProjectConfigurationPlatforms) = postSolution
		{B9E76C39-46BA-4A96-ABA6-4663DAA1C0D7}.Debug|Any CPU.ActiveCfg = Debug|Any CPU
		{B9E76C39-46BA-4A96-ABA6-4663DAA1C0D7}.Debug|Any CPU.Build.0 = Debug|Any CPU
		{B9E76C39-46BA-4A96-ABA6-4663DAA1C0D7}.Release|Any CPU.ActiveCfg = Release|Any CPU
		{B9E76C39-46BA-4A96-ABA6-4663DAA1C0D7}.Release|Any CPU.Build.0 = Release|Any CPU
	EndGlobalSection
	GlobalSection(SolutionProperties) = preSolution
		HideSolutionNode = FALSE
	EndGlobalSection
	GlobalSection(ExtensibilityGlobals) = postSolution
		SolutionGuid = {527CC326-BA99-43BA-9EF0-00FBF8F2D1B3}
	EndGlobalSection
EndGlobal
